
Microsoft Visual Studio Solution File, Format Version 12.00
# Visual Studio Version 16
VisualStudioVersion = 16.0.28803.452
MinimumVisualStudioVersion = 10.0.40219.1
Project("{FAE04EC0-301F-11D3-BF4B-00C04F79EFBC}") = "course1", "course1\course1.csproj", "{1B1216FC-71BD-41DE-A697-E68B321E331D}"
EndProject
Global
	GlobalSection(SolutionConfigurationPlatforms) = preSolution
		Debug|Any CPU = Debug|Any CPU
		Release|Any CPU = Release|Any CPU
	EndGlobalSection
	GlobalSection(ProjectConfigurationPlatforms) = postSolution
		{1B1216FC-71BD-41DE-A697-E68B321E331D}.Debug|Any CPU.ActiveCfg = Debug|Any CPU
		{1B1216FC-71BD-41DE-A697-E68B321E331D}.Debug|Any CPU.Build.0 = Debug|Any CPU
		{1B1216FC-71BD-41DE-A697-E68B321E331D}.Release|Any CPU.ActiveCfg = Release|Any CPU
		{1B1216FC-71BD-41DE-A697-E68B321E331D}.Release|Any CPU.Build.0 = Release|Any CPU
	EndGlobalSection
	GlobalSection(SolutionProperties) = preSolution
		HideSolutionNode = FALSE
	EndGlobalSection
	GlobalSection(ExtensibilityGlobals) = postSolution
		SolutionGuid = {D4E29411-AAE0-4344-941D-FBE3F1FA2229}
	EndGlobalSection
EndGlobal
